<?xml version="1.0" encoding="UTF-8"?>
<Solution>
	<Configurations>
		<BuildType Name="Debug"/>
		<BuildType Name="Release"/>
		<BuildType Name="MinSizeRel"/>
		<BuildType Name="RelWithDebInfo"/>
		<Platform Name="x64"/>
	</Configurations>
	<Project Path="ALL_BUILD.vcxproj" Type="8bc9ceb8-8b4a-11d0-8d11-00a0c91bc942" Id="79937518-f22d-3b24-97ec-52cf89d02d14" DefaultStartup="true">
		<BuildDependency Project="TextureEncoder/PVRTexLibStub.vcxproj"/>
		<BuildDependency Project="TextureEncoder/TextureEncoder.vcxproj"/>
		<BuildDependency Project="ZERO_CHECK.vcxproj"/>
		<Build Solution="Debug|*" Project="false"/>
		<Build Solution="Release|*" Project="false"/>
		<Build Solution="MinSizeRel|*" Project="false"/>
		<Build Solution="RelWithDebInfo|*" Project="false"/>
	</Project>
	<Project Path="TextureEncoder/PVRTexLibStub.vcxproj" Type="8bc9ceb8-8b4a-11d0-8d11-00a0c91bc942" Id="739aac14-06b4-3fa1-90a2-55064aead2f4">
		<BuildDependency Project="ZERO_CHECK.vcxproj"/>
	</Project>
	<Project Path="TextureEncoder/TextureEncoder.vcxproj" Type="8bc9ceb8-8b4a-11d0-8d11-00a0c91bc942" Id="42f1165a-76fe-3124-a284-564525d1550e">
		<BuildDependency Project="TextureEncoder/PVRTexLibStub.vcxproj"/>
		<BuildDependency Project="ZERO_CHECK.vcxproj"/>
	</Project>
	<Project Path="ZERO_CHECK.vcxproj" Type="8bc9ceb8-8b4a-11d0-8d11-00a0c91bc942" Id="5bab2004-9777-3b13-8870-2c10505a18cd"/>
</Solution>
